{
  "version": 4,
  "terraform_version": "1.10.5",
  "serial": 4,
  "lineage": "b0c00182-dd74-5ca0-a5ac-4a9f13f825ef",
  "outputs": {
    "monitor_id": {
      "value": "2962043",
      "type": "string"
    },
    "status_page_url": {
      "value": "https://myaiservice.betteruptime.com",
      "type": "string"
    }
  },
  "resources": [
    {
      "mode": "managed",
      "type": "betteruptime_monitor",
      "name": "this",
      "provider": "provider[\"registry.terraform.io/betterstackhq/better-uptime\"]",
      "instances": [
        {
          "schema_version": 0,
          "attributes": {
            "auth_password": "",
            "auth_username": "",
            "call": false,
            "check_frequency": 180,
            "confirmation_period": 0,
            "created_at": "2025-02-02T04:12:33.351Z",
            "domain_expiration": 0,
            "email": true,
            "expected_status_codes": [],
            "follow_redirects": true,
            "http_method": "get",
            "id": "2962043",
            "ip_version": "",
            "last_checked_at": "",
            "maintenance_days": [
              "mon",
              "tue",
              "wed",
              "thu",
              "fri",
              "sat",
              "sun"
            ],
            "maintenance_from": "",
            "maintenance_timezone": "",
            "maintenance_to": "",
            "monitor_group_id": 0,
            "monitor_type": "status",
            "paused": false,
            "paused_at": "",
            "playwright_script": "",
            "policy_id": "",
            "port": "",
            "pronounceable_name": "z509o8pa7mz68st4.us-east-1.aws.endpoints.huggingface.cloud",
            "push": false,
            "recovery_period": 180,
            "regions": [],
            "remember_cookies": true,
            "request_body": "",
            "request_headers": [],
            "request_timeout": 30,
            "required_keyword": "",
            "scenario_name": "",
            "sms": false,
            "ssl_expiration": 0,
            "status": "pending",
            "team_name": null,
            "team_wait": 0,
            "updated_at": "2025-02-02T04:12:33.351Z",
            "url": "https://z509o8pa7mz68st4.us-east-1.aws.endpoints.huggingface.cloud",
            "verify_ssl": true
          },
          "sensitive_attributes": [
            [
              {
                "type": "get_attr",
                "value": "auth_username"
              }
            ],
            [
              {
                "type": "get_attr",
                "value": "auth_password"
              }
            ]
          ],
          "private": "bnVsbA=="
        }
      ]
    },
    {
      "mode": "managed",
      "type": "betteruptime_status_page",
      "name": "this",
      "provider": "provider[\"registry.terraform.io/betterstackhq/better-uptime\"]",
      "instances": [
        {
          "schema_version": 0,
          "attributes": {
            "aggregate_state": "operational",
            "announcement": "",
            "announcement_embed_css": "",
            "announcement_embed_link": "",
            "announcement_embed_visible": true,
            "automatic_reports": false,
            "company_name": "My AI Service",
            "company_url": "https://myaiservice.com",
            "contact_url": "",
            "created_at": "2025-02-02T04:12:33.378Z",
            "custom_css": "",
            "custom_domain": "",
            "custom_javascript": "",
            "design": "v1",
            "google_analytics_id": "",
            "hide_from_search_engines": false,
            "history": 90,
            "id": "207401",
            "layout": "vertical",
            "logo_url": "",
            "min_incident_length": 0,
            "navigation_links": [],
            "password": "",
            "password_enabled": false,
            "status_page_group_id": 0,
            "subdomain": "myaiservice",
            "subscribable": false,
            "theme": "light",
            "timezone": "UTC",
            "updated_at": "2025-02-02T04:12:33.378Z"
          },
          "sensitive_attributes": [
            [
              {
                "type": "get_attr",
                "value": "password"
              }
            ]
          ],
          "private": "bnVsbA=="
        }
      ]
    },
    {
      "mode": "managed",
      "type": "betteruptime_status_page_resource",
      "name": "monitor",
      "provider": "provider[\"registry.terraform.io/betterstackhq/better-uptime\"]",
      "instances": [
        {
          "schema_version": 0,
          "attributes": {
            "availability": 1,
            "explanation": "",
            "history": true,
            "id": "8522884",
            "position": 0,
            "public_name": "LLM API",
            "resource_id": 2962043,
            "resource_type": "Monitor",
            "status": "operational",
            "status_history": [
              {
                "day": "2024-11-05",
                "downtime_duration": 0,
                "maintenance_duration": 0,
                "status": "not_monitored"
              },
              {
                "day": "2024-11-06",
                "downtime_duration": 0,
                "maintenance_duration": 0,
                "status": "not_monitored"
              },
              {
                "day": "2024-11-07",
                "downtime_duration": 0,
                "maintenance_duration": 0,
                "status": "not_monitored"
              },
              {
                "day": "2024-11-08",
                "downtime_duration": 0,
                "maintenance_duration": 0,
                "status": "not_monitored"
              },
              {
                "day": "2024-11-09",
                "downtime_duration": 0,
                "maintenance_duration": 0,
                "status": "not_monitored"
              },
              {
                "day": "2024-11-10",
                "downtime_duration": 0,
                "maintenance_duration": 0,
                "status": "not_monitored"
              },
              {
                "day": "2024-11-11",
                "downtime_duration": 0,
                "maintenance_duration": 0,
                "status": "not_monitored"
              },
              {
                "day": "2024-11-12",
                "downtime_duration": 0,
                "maintenance_duration": 0,
                "status": "not_monitored"
              },
              {
                "day": "2024-11-13",
                "downtime_duration": 0,
                "maintenance_duration": 0,
                "status": "not_monitored"
              },
              {
                "day": "2024-11-14",
                "downtime_duration": 0,
                "maintenance_duration": 0,
                "status": "not_monitored"
              },
              {
                "day": "2024-11-15",
                "downtime_duration": 0,
                "maintenance_duration": 0,
                "status": "not_monitored"
              },
              {
                "day": "2024-11-16",
                "downtime_duration": 0,
                "maintenance_duration": 0,
                "status": "not_monitored"
              },
              {
                "day": "2024-11-17",
                "downtime_duration": 0,
                "maintenance_duration": 0,
                "status": "not_monitored"
              },
              {
                "day": "2024-11-18",
                "downtime_duration": 0,
                "maintenance_duration": 0,
                "status": "not_monitored"
              },
              {
                "day": "2024-11-19",
                "downtime_duration": 0,
                "maintenance_duration": 0,
                "status": "not_monitored"
              },
              {
                "day": "2024-11-20",
                "downtime_duration": 0,
                "maintenance_duration": 0,
                "status": "not_monitored"
              },
              {
                "day": "2024-11-21",
                "downtime_duration": 0,
                "maintenance_duration": 0,
                "status": "not_monitored"
              },
              {
                "day": "2024-11-22",
                "downtime_duration": 0,
                "maintenance_duration": 0,
                "status": "not_monitored"
              },
              {
                "day": "2024-11-23",
                "downtime_duration": 0,
                "maintenance_duration": 0,
                "status": "not_monitored"
              },
              {
                "day": "2024-11-24",
                "downtime_duration": 0,
                "maintenance_duration": 0,
                "status": "not_monitored"
              },
              {
                "day": "2024-11-25",
                "downtime_duration": 0,
                "maintenance_duration": 0,
                "status": "not_monitored"
              },
              {
                "day": "2024-11-26",
                "downtime_duration": 0,
                "maintenance_duration": 0,
                "status": "not_monitored"
              },
              {
                "day": "2024-11-27",
                "downtime_duration": 0,
                "maintenance_duration": 0,
                "status": "not_monitored"
              },
              {
                "day": "2024-11-28",
                "downtime_duration": 0,
                "maintenance_duration": 0,
                "status": "not_monitored"
              },
              {
                "day": "2024-11-29",
                "downtime_duration": 0,
                "maintenance_duration": 0,
                "status": "not_monitored"
              },
              {
                "day": "2024-11-30",
                "downtime_duration": 0,
                "maintenance_duration": 0,
                "status": "not_monitored"
              },
              {
                "day": "2024-12-01",
                "downtime_duration": 0,
                "maintenance_duration": 0,
                "status": "not_monitored"
              },
              {
                "day": "2024-12-02",
                "downtime_duration": 0,
                "maintenance_duration": 0,
                "status": "not_monitored"
              },
              {
                "day": "2024-12-03",
                "downtime_duration": 0,
                "maintenance_duration": 0,
                "status": "not_monitored"
              },
              {
                "day": "2024-12-04",
                "downtime_duration": 0,
                "maintenance_duration": 0,
                "status": "not_monitored"
              },
              {
                "day": "2024-12-05",
                "downtime_duration": 0,
                "maintenance_duration": 0,
                "status": "not_monitored"
              },
              {
                "day": "2024-12-06",
                "downtime_duration": 0,
                "maintenance_duration": 0,
                "status": "not_monitored"
              },
              {
                "day": "2024-12-07",
                "downtime_duration": 0,
                "maintenance_duration": 0,
                "status": "not_monitored"
              },
              {
                "day": "2024-12-08",
                "downtime_duration": 0,
                "maintenance_duration": 0,
                "status": "not_monitored"
              },
              {
                "day": "2024-12-09",
                "downtime_duration": 0,
                "maintenance_duration": 0,
                "status": "not_monitored"
              },
              {
                "day": "2024-12-10",
                "downtime_duration": 0,
                "maintenance_duration": 0,
                "status": "not_monitored"
              },
              {
                "day": "2024-12-11",
                "downtime_duration": 0,
                "maintenance_duration": 0,
                "status": "not_monitored"
              },
              {
                "day": "2024-12-12",
                "downtime_duration": 0,
                "maintenance_duration": 0,
                "status": "not_monitored"
              },
              {
                "day": "2024-12-13",
                "downtime_duration": 0,
                "maintenance_duration": 0,
                "status": "not_monitored"
              },
              {
                "day": "2024-12-14",
                "downtime_duration": 0,
                "maintenance_duration": 0,
                "status": "not_monitored"
              },
              {
                "day": "2024-12-15",
                "downtime_duration": 0,
                "maintenance_duration": 0,
                "status": "not_monitored"
              },
              {
                "day": "2024-12-16",
                "downtime_duration": 0,
                "maintenance_duration": 0,
                "status": "not_monitored"
              },
              {
                "day": "2024-12-17",
                "downtime_duration": 0,
                "maintenance_duration": 0,
                "status": "not_monitored"
              },
              {
                "day": "2024-12-18",
                "downtime_duration": 0,
                "maintenance_duration": 0,
                "status": "not_monitored"
              },
              {
                "day": "2024-12-19",
                "downtime_duration": 0,
                "maintenance_duration": 0,
                "status": "not_monitored"
              },
              {
                "day": "2024-12-20",
                "downtime_duration": 0,
                "maintenance_duration": 0,
                "status": "not_monitored"
              },
              {
                "day": "2024-12-21",
                "downtime_duration": 0,
                "maintenance_duration": 0,
                "status": "not_monitored"
              },
              {
                "day": "2024-12-22",
                "downtime_duration": 0,
                "maintenance_duration": 0,
                "status": "not_monitored"
              },
              {
                "day": "2024-12-23",
                "downtime_duration": 0,
                "maintenance_duration": 0,
                "status": "not_monitored"
              },
              {
                "day": "2024-12-24",
                "downtime_duration": 0,
                "maintenance_duration": 0,
                "status": "not_monitored"
              },
              {
                "day": "2024-12-25",
                "downtime_duration": 0,
                "maintenance_duration": 0,
                "status": "not_monitored"
              },
              {
                "day": "2024-12-26",
                "downtime_duration": 0,
                "maintenance_duration": 0,
                "status": "not_monitored"
              },
              {
                "day": "2024-12-27",
                "downtime_duration": 0,
                "maintenance_duration": 0,
                "status": "not_monitored"
              },
              {
                "day": "2024-12-28",
                "downtime_duration": 0,
                "maintenance_duration": 0,
                "status": "not_monitored"
              },
              {
                "day": "2024-12-29",
                "downtime_duration": 0,
                "maintenance_duration": 0,
                "status": "not_monitored"
              },
              {
                "day": "2024-12-30",
                "downtime_duration": 0,
                "maintenance_duration": 0,
                "status": "not_monitored"
              },
              {
                "day": "2024-12-31",
                "downtime_duration": 0,
                "maintenance_duration": 0,
                "status": "not_monitored"
              },
              {
                "day": "2025-01-01",
                "downtime_duration": 0,
                "maintenance_duration": 0,
                "status": "not_monitored"
              },
              {
                "day": "2025-01-02",
                "downtime_duration": 0,
                "maintenance_duration": 0,
                "status": "not_monitored"
              },
              {
                "day": "2025-01-03",
                "downtime_duration": 0,
                "maintenance_duration": 0,
                "status": "not_monitored"
              },
              {
                "day": "2025-01-04",
                "downtime_duration": 0,
                "maintenance_duration": 0,
                "status": "not_monitored"
              },
              {
                "day": "2025-01-05",
                "downtime_duration": 0,
                "maintenance_duration": 0,
                "status": "not_monitored"
              },
              {
                "day": "2025-01-06",
                "downtime_duration": 0,
                "maintenance_duration": 0,
                "status": "not_monitored"
              },
              {
                "day": "2025-01-07",
                "downtime_duration": 0,
                "maintenance_duration": 0,
                "status": "not_monitored"
              },
              {
                "day": "2025-01-08",
                "downtime_duration": 0,
                "maintenance_duration": 0,
                "status": "not_monitored"
              },
              {
                "day": "2025-01-09",
                "downtime_duration": 0,
                "maintenance_duration": 0,
                "status": "not_monitored"
              },
              {
                "day": "2025-01-10",
                "downtime_duration": 0,
                "maintenance_duration": 0,
                "status": "not_monitored"
              },
              {
                "day": "2025-01-11",
                "downtime_duration": 0,
                "maintenance_duration": 0,
                "status": "not_monitored"
              },
              {
                "day": "2025-01-12",
                "downtime_duration": 0,
                "maintenance_duration": 0,
                "status": "not_monitored"
              },
              {
                "day": "2025-01-13",
                "downtime_duration": 0,
                "maintenance_duration": 0,
                "status": "not_monitored"
              },
              {
                "day": "2025-01-14",
                "downtime_duration": 0,
                "maintenance_duration": 0,
                "status": "not_monitored"
              },
              {
                "day": "2025-01-15",
                "downtime_duration": 0,
                "maintenance_duration": 0,
                "status": "not_monitored"
              },
              {
                "day": "2025-01-16",
                "downtime_duration": 0,
                "maintenance_duration": 0,
                "status": "not_monitored"
              },
              {
                "day": "2025-01-17",
                "downtime_duration": 0,
                "maintenance_duration": 0,
                "status": "not_monitored"
              },
              {
                "day": "2025-01-18",
                "downtime_duration": 0,
                "maintenance_duration": 0,
                "status": "not_monitored"
              },
              {
                "day": "2025-01-19",
                "downtime_duration": 0,
                "maintenance_duration": 0,
                "status": "not_monitored"
              },
              {
                "day": "2025-01-20",
                "downtime_duration": 0,
                "maintenance_duration": 0,
                "status": "not_monitored"
              },
              {
                "day": "2025-01-21",
                "downtime_duration": 0,
                "maintenance_duration": 0,
                "status": "not_monitored"
              },
              {
                "day": "2025-01-22",
                "downtime_duration": 0,
                "maintenance_duration": 0,
                "status": "not_monitored"
              },
              {
                "day": "2025-01-23",
                "downtime_duration": 0,
                "maintenance_duration": 0,
                "status": "not_monitored"
              },
              {
                "day": "2025-01-24",
                "downtime_duration": 0,
                "maintenance_duration": 0,
                "status": "not_monitored"
              },
              {
                "day": "2025-01-25",
                "downtime_duration": 0,
                "maintenance_duration": 0,
                "status": "not_monitored"
              },
              {
                "day": "2025-01-26",
                "downtime_duration": 0,
                "maintenance_duration": 0,
                "status": "not_monitored"
              },
              {
                "day": "2025-01-27",
                "downtime_duration": 0,
                "maintenance_duration": 0,
                "status": "not_monitored"
              },
              {
                "day": "2025-01-28",
                "downtime_duration": 0,
                "maintenance_duration": 0,
                "status": "not_monitored"
              },
              {
                "day": "2025-01-29",
                "downtime_duration": 0,
                "maintenance_duration": 0,
                "status": "not_monitored"
              },
              {
                "day": "2025-01-30",
                "downtime_duration": 0,
                "maintenance_duration": 0,
                "status": "not_monitored"
              },
              {
                "day": "2025-01-31",
                "downtime_duration": 0,
                "maintenance_duration": 0,
                "status": "not_monitored"
              },
              {
                "day": "2025-02-01",
                "downtime_duration": 0,
                "maintenance_duration": 0,
                "status": "not_monitored"
              },
              {
                "day": "2025-02-02",
                "downtime_duration": 0,
                "maintenance_duration": 0,
                "status": "operational"
              }
            ],
            "status_page_id": "207401",
            "status_page_section_id": 250048,
            "widget_type": "history"
          },
          "sensitive_attributes": [],
          "private": "bnVsbA==",
          "dependencies": [
            "betteruptime_monitor.this",
            "betteruptime_status_page.this"
          ]
        }
      ]
    }
  ],
  "check_results": null
}
